// !$*UTF8*$!
{
	archiveVersion = 1;
	classes = {
	};
	objectVersion = 77;
	objects = {

/* Begin PBXBuildFile section */
		12B1D73B2F6B234900CACA04 /* TransferConstants.swift in Sources */ = {isa = PBXBuildFile; fileRef = 12B1D7392F6B234900CACA04 /* TransferConstants.swift */; };
		12B1D73C2F6B234900CACA04 /* TransferProtocol.swift in Sources */ = {isa = PBXBuildFile; fileRef = 12B1D73A2F6B234900CACA04 /* TransferProtocol.swift */; };
/* End PBXBuildFile section */

/* Begin PBXContainerItemProxy section */
		12B1D6E22F6B13C400CACA04 /* PBXContainerItemProxy */ = {
			isa = PBXContainerItemProxy;
			containerPortal = 12B1D6CC2F6B13C300CACA04 /* Project object */;
			proxyType = 1;
			remoteGlobalIDString = 12B1D6D32F6B13C300CACA04;
			remoteInfo = "PhotoTransfer-macOS";
		};
		12B1D6EC2F6B13C400CACA04 /* PBXContainerItemProxy */ = {
			isa = PBXContainerItemProxy;
			containerPortal = 12B1D6CC2F6B13C300CACA04 /* Project object */;
			proxyType = 1;
			remoteGlobalIDString = 12B1D6D32F6B13C300CACA04;
			remoteInfo = "PhotoTransfer-macOS";
		};
/* End PBXContainerItemProxy section */

/* Begin PBXFileReference section */
		12B1D6D42F6B13C300CACA04 /* PhotoTransfer-macOS.app */ = {isa = PBXFileReference; explicitFileType = wrapper.application; includeInIndex = 0; path = "PhotoTransfer-macOS.app"; sourceTree = BUILT_PRODUCTS_DIR; };
		12B1D6E12F6B13C400CACA04 /* PhotoTransfer-macOSTests.xctest */ = {isa = PBXFileReference; explicitFileType = wrapper.cfbundle; includeInIndex = 0; path = "PhotoTransfer-macOSTests.xctest"; sourceTree = BUILT_PRODUCTS_DIR; };
		12B1D6EB2F6B13C400CACA04 /* PhotoTransfer-macOSUITests.xctest */ = {isa = PBXFileReference; explicitFileType = wrapper.cfbundle; includeInIndex = 0; path = "PhotoTransfer-macOSUITests.xctest"; sourceTree = BUILT_PRODUCTS_DIR; };
		12B1D7392F6B234900CACA04 /* TransferConstants.swift */ = {isa = PBXFileReference; lastKnownFileType = sourcecode.swift; path = TransferConstants.swift; sourceTree = "<group>"; };
		12B1D73A2F6B234900CACA04 /* TransferProtocol.swift */ = {isa = PBXFileReference; lastKnownFileType = sourcecode.swift; path = TransferProtocol.swift; sourceTree = "<group>"; };
/* End PBXFileReference section */

/* Begin PBXFileSystemSynchronizedRootGroup section */
		12B1D6D62F6B13C300CACA04 /* PhotoTransfer-macOS */ = {
			isa = PBXFileSystemSynchronizedRootGroup;
			path = "PhotoTransfer-macOS";
			sourceTree = "<group>";
		};
		12B1D6E42F6B13C400CACA04 /* PhotoTransfer-macOSTests */ = {
			isa = PBXFileSystemSynchronizedRootGroup;
			path = "PhotoTransfer-macOSTests";
			sourceTree = "<group>";
		};
		12B1D6EE2F6B13C400CACA04 /* PhotoTransfer-macOSUITests */ = {
			isa = PBXFileSystemSynchronizedRootGroup;
			path = "PhotoTransfer-macOSUITests";
			sourceTree = "<group>";
		};
/* End PBXFileSystemSynchronizedRootGroup section */

/* Begin PBXFrameworksBuildPhase section */
		12B1D6D12F6B13C300CACA04 /* Frameworks */ = {
			isa = PBXFrameworksBuildPhase;
			buildActionMask = 2147483647;
			files = (
			);
			runOnlyForDeploymentPostprocessing = 0;
		};
		12B1D6DE2F6B13C400CACA04 /* Frameworks */ = {
			isa = PBXFrameworksBuildPhase;
			buildActionMask = 2147483647;
			files = (
			);
			runOnlyForDeploymentPostprocessing = 0;
		};
		12B1D6E82F6B13C400CACA04 /* Frameworks */ = {
			isa = PBXFrameworksBuildPhase;
			buildActionMask = 2147483647;
			files = (
			);
			runOnlyForDeploymentPostprocessing = 0;
		};
/* End PBXFrameworksBuildPhase section */

/* Begin PBXGroup section */
		12B1D6CB2F6B13C300CACA04 = {
			isa = PBXGroup;
			children = (
				12B1D7392F6B234900CACA04 /* TransferConstants.swift */,
				12B1D73A2F6B234900CACA04 /* TransferProtocol.swift */,
				12B1D6D62F6B13C300CACA04 /* PhotoTransfer-macOS */,
				12B1D6E42F6B13C400CACA04 /* PhotoTransfer-macOSTests */,
				12B1D6EE2F6B13C400CACA04 /* PhotoTransfer-macOSUITests */,
				12B1D6D52F6B13C300CACA04 /* Products */,
			);
			sourceTree = "<group>";
		};
		12B1D6D52F6B13C300CACA04 /* Products */ = {
			isa = PBXGroup;
			children = (
				12B1D6D42F6B13C300CACA04 /* PhotoTransfer-macOS.app */,
				12B1D6E12F6B13C400CACA04 /* PhotoTransfer-macOSTests.xctest */,
				12B1D6EB2F6B13C400CACA04 /* PhotoTransfer-macOSUITests.xctest */,
			);
			name = Products;
			sourceTree = "<group>";
		};
/* End PBXGroup section */

/* Begin PBXNativeTarget section */
		12B1D6D32F6B13C300CACA04 /* PhotoTransfer-macOS */ = {
			isa = PBXNativeTarget;
			buildConfigurationList = 12B1D6F52F6B13C400CACA04 /* Build configuration list for PBXNativeTarget "PhotoTransfer-macOS" */;
			buildPhases = (
				12B1D6D02F6B13C300CACA04 /* Sources */,
				12B1D6D12F6B13C300CACA04 /* Frameworks */,
				12B1D6D22F6B13C300CACA04 /* Resources */,
			);
			buildRules = (
			);
			dependencies = (
			);
			fileSystemSynchronizedGroups = (
				12B1D6D62F6B13C300CACA04 /* PhotoTransfer-macOS */,
			);
			name = "PhotoTransfer-macOS";
			packageProductDependencies = (
			);
			productName = "PhotoTransfer-macOS";
			productReference = 12B1D6D42F6B13C300CACA04 /* PhotoTransfer-macOS.app */;
			productType = "com.apple.product-type.application";
		};
		12B1D6E02F6B13C400CACA04 /* PhotoTransfer-macOSTests */ = {
			isa = PBXNativeTarget;
			buildConfigurationList = 12B1D6F82F6B13C400CACA04 /* Build configuration list for PBXNativeTarget "PhotoTransfer-macOSTests" */;
			buildPhases = (
				12B1D6DD2F6B13C400CACA04 /* Sources */,
				12B1D6DE2F6B13C400CACA04 /* Frameworks */,
				12B1D6DF2F6B13C400CACA04 /* Resources */,
			);
			buildRules = (
			);
			dependencies = (
				12B1D6E32F6B13C400CACA04 /* PBXTargetDependency */,
			);
			fileSystemSynchronizedGroups = (
				12B1D6E42F6B13C400CACA04 /* PhotoTransfer-macOSTests */,
			);
			name = "PhotoTransfer-macOSTests";
			packageProductDependencies = (
			);
			productName = "PhotoTransfer-macOSTests";
			productReference = 12B1D6E12F6B13C400CACA04 /* PhotoTransfer-macOSTests.xctest */;
			productType = "com.apple.product-type.bundle.unit-test";
		};
		12B1D6EA2F6B13C400CACA04 /* PhotoTransfer-macOSUITests */ = {
			isa = PBXNativeTarget;
			buildConfigurationList = 12B1D6FB2F6B13C400CACA04 /* Build configuration list for PBXNativeTarget "PhotoTransfer-macOSUITests" */;
			buildPhases = (
				12B1D6E72F6B13C400CACA04 /* Sources */,
				12B1D6E82F6B13C400CACA04 /* Frameworks */,
				12B1D6E92F6B13C400CACA04 /* Resources */,
			);
			buildRules = (
			);
			dependencies = (
				12B1D6ED2F6B13C400CACA04 /* PBXTargetDependency */,
			);
			fileSystemSynchronizedGroups = (
				12B1D6EE2F6B13C400CACA04 /* PhotoTransfer-macOSUITests */,
			);
			name = "PhotoTransfer-macOSUITests";
			packageProductDependencies = (
			);
			productName = "PhotoTransfer-macOSUITests";
			productReference = 12B1D6EB2F6B13C400CACA04 /* PhotoTransfer-macOSUITests.xctest */;
			productType = "com.apple.product-type.bundle.ui-testing";
		};
/* End PBXNativeTarget section */

/* Begin PBXProject section */
		12B1D6CC2F6B13C300CACA04 /* Project object */ = {
			isa = PBXProject;
			attributes = {
				BuildIndependentTargetsInParallel = 1;
				LastSwiftUpdateCheck = 2630;
				LastUpgradeCheck = 2630;
				TargetAttributes = {
					12B1D6D32F6B13C300CACA04 = {
						CreatedOnToolsVersion = 26.3;
					};
					12B1D6E02F6B13C400CACA04 = {
						CreatedOnToolsVersion = 26.3;
						TestTargetID = 12B1D6D32F6B13C300CACA04;
					};
					12B1D6EA2F6B13C400CACA04 = {
						CreatedOnToolsVersion = 26.3;
						TestTargetID = 12B1D6D32F6B13C300CACA04;
					};
				};
			};
			buildConfigurationList = 12B1D6CF2F6B13C300CACA04 /* Build configuration list for PBXProject "PhotoTransfer-macOS" */;
			developmentRegion = en;
			hasScannedForEncodings = 0;
			knownRegions = (
				en,
				Base,
			);
			mainGroup = 12B1D6CB2F6B13C300CACA04;
			minimizedProjectReferenceProxies = 1;
			preferredProjectObjectVersion = 77;
			productRefGroup = 12B1D6D52F6B13C300CACA04 /* Products */;
			projectDirPath = "";
			projectRoot = "";
			targets = (
				12B1D6D32F6B13C300CACA04 /* PhotoTransfer-macOS */,
				12B1D6E02F6B13C400CACA04 /* PhotoTransfer-macOSTests */,
				12B1D6EA2F6B13C400CACA04 /* PhotoTransfer-macOSUITests */,
			);
		};
/* End PBXProject section */

/* Begin PBXResourcesBuildPhase section */
		12B1D6D22F6B13C300CACA04 /* Resources */ = {
			isa = PBXResourcesBuildPhase;
			buildActionMask = 2147483647;
			files = (
			);
			runOnlyForDeploymentPostprocessing = 0;
		};
		12B1D6DF2F6B13C400CACA04 /* Resources */ = {
			isa = PBXResourcesBuildPhase;
			buildActionMask = 2147483647;
			files = (
			);
			runOnlyForDeploymentPostprocessing = 0;
		};
		12B1D6E92F6B13C400CACA04 /* Resources */ = {
			isa = PBXResourcesBuildPhase;
			buildActionMask = 2147483647;
			files = (
			);
			runOnlyForDeploymentPostprocessing = 0;
		};
/* End PBXResourcesBuildPhase section */

/* Begin PBXSourcesBuildPhase section */
		12B1D6D02F6B13C300CACA04 /* Sources */ = {
			isa = PBXSourcesBuildPhase;
			buildActionMask = 2147483647;
			files = (
				12B1D73B2F6B234900CACA04 /* TransferConstants.swift in Sources */,
				12B1D73C2F6B234900CACA04 /* TransferProtocol.swift in Sources */,
			);
			runOnlyForDeploymentPostprocessing = 0;
		};
		12B1D6DD2F6B13C400CACA04 /* Sources */ = {
			isa = PBXSourcesBuildPhase;
			buildActionMask = 2147483647;
			files = (
			);
			runOnlyForDeploymentPostprocessing = 0;
		};
		12B1D6E72F6B13C400CACA04 /* Sources */ = {
			isa = PBXSourcesBuildPhase;
			buildActionMask = 2147483647;
			files = (
			);
			runOnlyForDeploymentPostprocessing = 0;
		};
/* End PBXSourcesBuildPhase section */

/* Begin PBXTargetDependency section */
		12B1D6E32F6B13C400CACA04 /* PBXTargetDependency */ = {
			isa = PBXTargetDependency;
			target = 12B1D6D32F6B13C300CACA04 /* PhotoTransfer-macOS */;
			targetProxy = 12B1D6E22F6B13C400CACA04 /* PBXContainerItemProxy */;
		};
		12B1D6ED2F6B13C400CACA04 /* PBXTargetDependency */ = {
			isa = PBXTargetDependency;
			target = 12B1D6D32F6B13C300CACA04 /* PhotoTransfer-macOS */;
			targetProxy = 12B1D6EC2F6B13C400CACA04 /* PBXContainerItemProxy */;
		};
/* End PBXTargetDependency section */

/* Begin XCBuildConfiguration section */
		12B1D6F32F6B13C400CACA04 /* Debug */ = {
			isa = XCBuildConfiguration;
			buildSettings = {
				ALWAYS_SEARCH_USER_PATHS = NO;
				ASSETCATALOG_COMPILER_GENERATE_SWIFT_ASSET_SYMBOL_EXTENSIONS = YES;
				CLANG_ANALYZER_NONNULL = YES;
				CLANG_ANALYZER_NUMBER_OBJECT_CONVERSION = YES_AGGRESSIVE;
				CLANG_CXX_LANGUAGE_STANDARD = "gnu++20";
				CLANG_ENABLE_MODULES = YES;
				CLANG_ENABLE_OBJC_ARC = YES;
				CLANG_ENABLE_OBJC_WEAK = YES;
				CLANG_WARN_BLOCK_CAPTURE_AUTORELEASING = YES;
				CLANG_WARN_BOOL_CONVERSION = YES;
				CLANG_WARN_COMMA = YES;
				CLANG_WARN_CONSTANT_CONVERSION = YES;
				CLANG_WARN_DEPRECATED_OBJC_IMPLEMENTATIONS = YES;
				CLANG_WARN_DIRECT_OBJC_ISA_USAGE = YES_ERROR;
				CLANG_WARN_DOCUMENTATION_COMMENTS = YES;
				CLANG_WARN_EMPTY_BODY = YES;
				CLANG_WARN_ENUM_CONVERSION = YES;
				CLANG_WARN_INFINITE_RECURSION = YES;
				CLANG_WARN_INT_CONVERSION = YES;
				CLANG_WARN_NON_LITERAL_NULL_CONVERSION = YES;
				CLANG_WARN_OBJC_IMPLICIT_RETAIN_SELF = YES;
				CLANG_WARN_OBJC_LITERAL_CONVERSION = YES;
				CLANG_WARN_OBJC_ROOT_CLASS = YES_ERROR;
				CLANG_WARN_QUOTED_INCLUDE_IN_FRAMEWORK_HEADER = YES;
				CLANG_WARN_RANGE_LOOP_ANALYSIS = YES;
				CLANG_WARN_STRICT_PROTOTYPES = YES;
				CLANG_WARN_SUSPICIOUS_MOVE = YES;
				CLANG_WARN_UNGUARDED_AVAILABILITY = YES_AGGRESSIVE;
				CLANG_WARN_UNREACHABLE_CODE = YES;
				CLANG_WARN__DUPLICATE_METHOD_MATCH = YES;
				COPY_PHASE_STRIP = NO;
				DEBUG_INFORMATION_FORMAT = dwarf;
				DEVELOPMENT_TEAM = R6MVZC3P3D;
				ENABLE_STRICT_OBJC_MSGSEND = YES;
				ENABLE_TESTABILITY = YES;
				ENABLE_USER_SCRIPT_SANDBOXING = YES;
				GCC_C_LANGUAGE_STANDARD = gnu17;
				GCC_DYNAMIC_NO_PIC = NO;
				GCC_NO_COMMON_BLOCKS = YES;
				GCC_OPTIMIZATION_LEVEL = 0;
				GCC_PREPROCESSOR_DEFINITIONS = (
					"DEBUG=1",
					"$(inherited)",
				);
				GCC_WARN_64_TO_32_BIT_CONVERSION = YES;
				GCC_WARN_ABOUT_RETURN_TYPE = YES_ERROR;
				GCC_WARN_UNDECLARED_SELECTOR = YES;
				GCC_WARN_UNINITIALIZED_AUTOS = YES_AGGRESSIVE;
				GCC_WARN_UNUSED_FUNCTION = YES;
				GCC_WARN_UNUSED_VARIABLE = YES;
				LOCALIZATION_PREFERS_STRING_CATALOGS = YES;
				MACOSX_DEPLOYMENT_TARGET = 26.2;
				MTL_ENABLE_DEBUG_INFO = INCLUDE_SOURCE;
				MTL_FAST_MATH = YES;
				ONLY_ACTIVE_ARCH = YES;
				SDKROOT = macosx;
				SWIFT_ACTIVE_COMPILATION_CONDITIONS = "DEBUG $(inherited)";
				SWIFT_OPTIMIZATION_LEVEL = "-Onone";
			};
			name = Debug;
		};
		12B1D6F42F6B13C400CACA04 /* Release */ = {
			isa = XCBuildConfiguration;
			buildSettings = {
				ALWAYS_SEARCH_USER_PATHS = NO;
				ASSETCATALOG_COMPILER_GENERATE_SWIFT_ASSET_SYMBOL_EXTENSIONS = YES;
				CLANG_ANALYZER_NONNULL = YES;
				CLANG_ANALYZER_NUMBER_OBJECT_CONVERSION = YES_AGGRESSIVE;
				CLANG_CXX_LANGUAGE_STANDARD = "gnu++20";
				CLANG_ENABLE_MODULES = YES;
				CLANG_ENABLE_OBJC_ARC = YES;
				CLANG_ENABLE_OBJC_WEAK = YES;
				CLANG_WARN_BLOCK_CAPTURE_AUTORELEASING = YES;
				CLANG_WARN_BOOL_CONVERSION = YES;
				CLANG_WARN_COMMA = YES;
				CLANG_WARN_CONSTANT_CONVERSION = YES;
				CLANG_WARN_DEPRECATED_OBJC_IMPLEMENTATIONS = YES;
				CLANG_WARN_DIRECT_OBJC_ISA_USAGE = YES_ERROR;
				CLANG_WARN_DOCUMENTATION_COMMENTS = YES;
				CLANG_WARN_EMPTY_BODY = YES;
				CLANG_WARN_ENUM_CONVERSION = YES;
				CLANG_WARN_INFINITE_RECURSION = YES;
				CLANG_WARN_INT_CONVERSION = YES;
				CLANG_WARN_NON_LITERAL_NULL_CONVERSION = YES;
				CLANG_WARN_OBJC_IMPLICIT_RETAIN_SELF = YES;
				CLANG_WARN_OBJC_LITERAL_CONVERSION = YES;
				CLANG_WARN_OBJC_ROOT_CLASS = YES_ERROR;
				CLANG_WARN_QUOTED_INCLUDE_IN_FRAMEWORK_HEADER = YES;
				CLANG_WARN_RANGE_LOOP_ANALYSIS = YES;
				CLANG_WARN_STRICT_PROTOTYPES = YES;
				CLANG_WARN_SUSPICIOUS_MOVE = YES;
				CLANG_WARN_UNGUARDED_AVAILABILITY = YES_AGGRESSIVE;
				CLANG_WARN_UNREACHABLE_CODE = YES;
				CLANG_WARN__DUPLICATE_METHOD_MATCH = YES;
				COPY_PHASE_STRIP = NO;
				DEBUG_INFORMATION_FORMAT = "dwarf-with-dsym";
				DEVELOPMENT_TEAM = R6MVZC3P3D;
				ENABLE_NS_ASSERTIONS = NO;
				ENABLE_STRICT_OBJC_MSGSEND = YES;
				ENABLE_USER_SCRIPT_SANDBOXING = YES;
				GCC_C_LANGUAGE_STANDARD = gnu17;
				GCC_NO_COMMON_BLOCKS = YES;
				GCC_WARN_64_TO_32_BIT_CONVERSION = YES;
				GCC_WARN_ABOUT_RETURN_TYPE = YES_ERROR;
				GCC_WARN_UNDECLARED_SELECTOR = YES;
				GCC_WARN_UNINITIALIZED_AUTOS = YES_AGGRESSIVE;
				GCC_WARN_UNUSED_FUNCTION = YES;
				GCC_WARN_UNUSED_VARIABLE = YES;
				LOCALIZATION_PREFERS_STRING_CATALOGS = YES;
				MACOSX_DEPLOYMENT_TARGET = 26.2;
				MTL_ENABLE_DEBUG_INFO = NO;
				MTL_FAST_MATH = YES;
				SDKROOT = macosx;
				SWIFT_COMPILATION_MODE = wholemodule;
			};
			name = Release;
		};
		12B1D6F62F6B13C400CACA04 /* Debug */ = {
			isa = XCBuildConfiguration;
			buildSettings = {
				ASSETCATALOG_COMPILER_APPICON_NAME = AppIcon;
				ASSETCATALOG_COMPILER_GLOBAL_ACCENT_COLOR_NAME = AccentColor;
				CODE_SIGN_STYLE = Automatic;
				COMBINE_HIDPI_IMAGES = YES;
				CURRENT_PROJECT_VERSION = 1;
				DEVELOPMENT_TEAM = R6MVZC3P3D;
				ENABLE_APP_SANDBOX = NO;
				ENABLE_HARDENED_RUNTIME = YES;
				ENABLE_PREVIEWS = YES;
				ENABLE_USER_SELECTED_FILES = readonly;
				GENERATE_INFOPLIST_FILE = YES;
				INFOPLIST_KEY_NSHumanReadableCopyright = "";
				LD_RUNPATH_SEARCH_PATHS = (
					"$(inherited)",
					"@executable_path/../Frameworks",
				);
				MARKETING_VERSION = 1.0;
				PRODUCT_BUNDLE_IDENTIFIER = "Yuzuru.PhotoTransfer-macOS";
				PRODUCT_NAME = "$(TARGET_NAME)";
				REGISTER_APP_GROUPS = YES;
				STRING_CATALOG_GENERATE_SYMBOLS = YES;
				SWIFT_APPROACHABLE_CONCURRENCY = YES;
				SWIFT_DEFAULT_ACTOR_ISOLATION = MainActor;
				SWIFT_EMIT_LOC_STRINGS = YES;
				SWIFT_UPCOMING_FEATURE_MEMBER_IMPORT_VISIBILITY = YES;
				SWIFT_VERSION = 5.0;
			};
			name = Debug;
		};
		12B1D6F72F6B13C400CACA04 /* Release */ = {
			isa = XCBuildConfiguration;
			buildSettings = {
				ASSETCATALOG_COMPILER_APPICON_NAME = AppIcon;
				ASSETCATALOG_COMPILER_GLOBAL_ACCENT_COLOR_NAME = AccentColor;
				CODE_SIGN_STYLE = Automatic;
				COMBINE_HIDPI_IMAGES = YES;
				CURRENT_PROJECT_VERSION = 1;
				DEVELOPMENT_TEAM = R6MVZC3P3D;
				ENABLE_APP_SANDBOX = NO;
				ENABLE_HARDENED_RUNTIME = YES;
				ENABLE_PREVIEWS = YES;
				ENABLE_USER_SELECTED_FILES = readonly;
				GENERATE_INFOPLIST_FILE = YES;
				INFOPLIST_KEY_NSHumanReadableCopyright = "";
				LD_RUNPATH_SEARCH_PATHS = (
					"$(inherited)",
					"@executable_path/../Frameworks",
				);
				MARKETING_VERSION = 1.0;
				PRODUCT_BUNDLE_IDENTIFIER = "Yuzuru.PhotoTransfer-macOS";
				PRODUCT_NAME = "$(TARGET_NAME)";
				REGISTER_APP_GROUPS = YES;
				STRING_CATALOG_GENERATE_SYMBOLS = YES;
				SWIFT_APPROACHABLE_CONCURRENCY = YES;
				SWIFT_DEFAULT_ACTOR_ISOLATION = MainActor;
				SWIFT_EMIT_LOC_STRINGS = YES;
				SWIFT_UPCOMING_FEATURE_MEMBER_IMPORT_VISIBILITY = YES;
				SWIFT_VERSION = 5.0;
			};
			name = Release;
		};
		12B1D6F92F6B13C400CACA04 /* Debug */ = {
			isa = XCBuildConfiguration;
			buildSettings = {
				BUNDLE_LOADER = "$(TEST_HOST)";
				CODE_SIGN_STYLE = Automatic;
				CURRENT_PROJECT_VERSION = 1;
				DEVELOPMENT_TEAM = R6MVZC3P3D;
				GENERATE_INFOPLIST_FILE = YES;
				MACOSX_DEPLOYMENT_TARGET = 26.2;
				MARKETING_VERSION = 1.0;
				PRODUCT_BUNDLE_IDENTIFIER = "Yuzuru.PhotoTransfer-macOSTests";
				PRODUCT_NAME = "$(TARGET_NAME)";
				STRING_CATALOG_GENERATE_SYMBOLS = NO;
				SWIFT_APPROACHABLE_CONCURRENCY = YES;
				SWIFT_EMIT_LOC_STRINGS = NO;
				SWIFT_UPCOMING_FEATURE_MEMBER_IMPORT_VISIBILITY = YES;
				SWIFT_VERSION = 5.0;
				TEST_HOST = "$(BUILT_PRODUCTS_DIR)/PhotoTransfer-macOS.app/$(BUNDLE_EXECUTABLE_FOLDER_PATH)/PhotoTransfer-macOS";
			};
			name = Debug;
		};
		12B1D6FA2F6B13C400CACA04 /* Release */ = {
			isa = XCBuildConfiguration;
			buildSettings = {
				BUNDLE_LOADER = "$(TEST_HOST)";
				CODE_SIGN_STYLE = Automatic;
				CURRENT_PROJECT_VERSION = 1;
				DEVELOPMENT_TEAM = R6MVZC3P3D;
				GENERATE_INFOPLIST_FILE = YES;
				MACOSX_DEPLOYMENT_TARGET = 26.2;
				MARKETING_VERSION = 1.0;
				PRODUCT_BUNDLE_IDENTIFIER = "Yuzuru.PhotoTransfer-macOSTests";
				PRODUCT_NAME = "$(TARGET_NAME)";
				STRING_CATALOG_GENERATE_SYMBOLS = NO;
				SWIFT_APPROACHABLE_CONCURRENCY = YES;
				SWIFT_EMIT_LOC_STRINGS = NO;
				SWIFT_UPCOMING_FEATURE_MEMBER_IMPORT_VISIBILITY = YES;
				SWIFT_VERSION = 5.0;
				TEST_HOST = "$(BUILT_PRODUCTS_DIR)/PhotoTransfer-macOS.app/$(BUNDLE_EXECUTABLE_FOLDER_PATH)/PhotoTransfer-macOS";
			};
			name = Release;
		};
		12B1D6FC2F6B13C400CACA04 /* Debug */ = {
			isa = XCBuildConfiguration;
			buildSettings = {
				CODE_SIGN_STYLE = Automatic;
				CURRENT_PROJECT_VERSION = 1;
				DEVELOPMENT_TEAM = R6MVZC3P3D;
				GENERATE_INFOPLIST_FILE = YES;
				MARKETING_VERSION = 1.0;
				PRODUCT_BUNDLE_IDENTIFIER = "Yuzuru.PhotoTransfer-macOSUITests";
				PRODUCT_NAME = "$(TARGET_NAME)";
				STRING_CATALOG_GENERATE_SYMBOLS = NO;
				SWIFT_APPROACHABLE_CONCURRENCY = YES;
				SWIFT_EMIT_LOC_STRINGS = NO;
				SWIFT_UPCOMING_FEATURE_MEMBER_IMPORT_VISIBILITY = YES;
				SWIFT_VERSION = 5.0;
				TEST_TARGET_NAME = "PhotoTransfer-macOS";
			};
			name = Debug;
		};
		12B1D6FD2F6B13C400CACA04 /* Release */ = {
			isa = XCBuildConfiguration;
			buildSettings = {
				CODE_SIGN_STYLE = Automatic;
				CURRENT_PROJECT_VERSION = 1;
				DEVELOPMENT_TEAM = R6MVZC3P3D;
				GENERATE_INFOPLIST_FILE = YES;
				MARKETING_VERSION = 1.0;
				PRODUCT_BUNDLE_IDENTIFIER = "Yuzuru.PhotoTransfer-macOSUITests";
				PRODUCT_NAME = "$(TARGET_NAME)";
				STRING_CATALOG_GENERATE_SYMBOLS = NO;
				SWIFT_APPROACHABLE_CONCURRENCY = YES;
				SWIFT_EMIT_LOC_STRINGS = NO;
				SWIFT_UPCOMING_FEATURE_MEMBER_IMPORT_VISIBILITY = YES;
				SWIFT_VERSION = 5.0;
				TEST_TARGET_NAME = "PhotoTransfer-macOS";
			};
			name = Release;
		};
/* End XCBuildConfiguration section */

/* Begin XCConfigurationList section */
		12B1D6CF2F6B13C300CACA04 /* Build configuration list for PBXProject "PhotoTransfer-macOS" */ = {
			isa = XCConfigurationList;
			buildConfigurations = (
				12B1D6F32F6B13C400CACA04 /* Debug */,
				12B1D6F42F6B13C400CACA04 /* Release */,
			);
			defaultConfigurationIsVisible = 0;
			defaultConfigurationName = Release;
		};
		12B1D6F52F6B13C400CACA04 /* Build configuration list for PBXNativeTarget "PhotoTransfer-macOS" */ = {
			isa = XCConfigurationList;
			buildConfigurations = (
				12B1D6F62F6B13C400CACA04 /* Debug */,
				12B1D6F72F6B13C400CACA04 /* Release */,
			);
			defaultConfigurationIsVisible = 0;
			defaultConfigurationName = Release;
		};
		12B1D6F82F6B13C400CACA04 /* Build configuration list for PBXNativeTarget "PhotoTransfer-macOSTests" */ = {
			isa = XCConfigurationList;
			buildConfigurations = (
				12B1D6F92F6B13C400CACA04 /* Debug */,
				12B1D6FA2F6B13C400CACA04 /* Release */,
			);
			defaultConfigurationIsVisible = 0;
			defaultConfigurationName = Release;
		};
		12B1D6FB2F6B13C400CACA04 /* Build configuration list for PBXNativeTarget "PhotoTransfer-macOSUITests" */ = {
			isa = XCConfigurationList;
			buildConfigurations = (
				12B1D6FC2F6B13C400CACA04 /* Debug */,
				12B1D6FD2F6B13C400CACA04 /* Release */,
			);
			defaultConfigurationIsVisible = 0;
			defaultConfigurationName = Release;
		};
/* End XCConfigurationList section */
	};
	rootObject = 12B1D6CC2F6B13C300CACA04 /* Project object */;
}
