// !$*UTF8*$!
{
	archiveVersion = 1;
	classes = {
	};
	objectVersion = 77;
	objects = {

/* Begin PBXBuildFile section */
		12B1D73F2F6B236400CACA04 /* TransferConstants.swift in Sources */ = {isa = PBXBuildFile; fileRef = 12B1D73D2F6B236400CACA04 /* TransferConstants.swift */; };
		12B1D7402F6B236400CACA04 /* TransferProtocol.swift in Sources */ = {isa = PBXBuildFile; fileRef = 12B1D73E2F6B236400CACA04 /* TransferProtocol.swift */; };
/* End PBXBuildFile section */

/* Begin PBXContainerItemProxy section */
		12B1D7152F6B13F100CACA04 /* PBXContainerItemProxy */ = {
			isa = PBXContainerItemProxy;
			containerPortal = 12B1D6FF2F6B13F000CACA04 /* Project object */;
			proxyType = 1;
			remoteGlobalIDString = 12B1D7062F6B13F000CACA04;
			remoteInfo = "PhotoTransfer-iOS";
		};
		12B1D71F2F6B13F100CACA04 /* PBXContainerItemProxy */ = {
			isa = PBXContainerItemProxy;
			containerPortal = 12B1D6FF2F6B13F000CACA04 /* Project object */;
			proxyType = 1;
			remoteGlobalIDString = 12B1D7062F6B13F000CACA04;
			remoteInfo = "PhotoTransfer-iOS";
		};
/* End PBXContainerItemProxy section */

/* Begin PBXFileReference section */
		12B1D7072F6B13F000CACA04 /* PhotoTransfer-iOS.app */ = {isa = PBXFileReference; explicitFileType = wrapper.application; includeInIndex = 0; path = "PhotoTransfer-iOS.app"; sourceTree = BUILT_PRODUCTS_DIR; };
		12B1D7142F6B13F100CACA04 /* PhotoTransfer-iOSTests.xctest */ = {isa = PBXFileReference; explicitFileType = wrapper.cfbundle; includeInIndex = 0; path = "PhotoTransfer-iOSTests.xctest"; sourceTree = BUILT_PRODUCTS_DIR; };
		12B1D71E2F6B13F100CACA04 /* PhotoTransfer-iOSUITests.xctest */ = {isa = PBXFileReference; explicitFileType = wrapper.cfbundle; includeInIndex = 0; path = "PhotoTransfer-iOSUITests.xctest"; sourceTree = BUILT_PRODUCTS_DIR; };
		12B1D73D2F6B236400CACA04 /* TransferConstants.swift */ = {isa = PBXFileReference; lastKnownFileType = sourcecode.swift; path = TransferConstants.swift; sourceTree = "<group>"; };
		12B1D73E2F6B236400CACA04 /* TransferProtocol.swift */ = {isa = PBXFileReference; lastKnownFileType = sourcecode.swift; path = TransferProtocol.swift; sourceTree = "<group>"; };
/* End PBXFileReference section */

/* Begin PBXFileSystemSynchronizedBuildFileExceptionSet section */
		12B1D7322F6B155600CACA04 /* Exceptions for "PhotoTransfer-iOS" folder in "PhotoTransfer-iOS" target */ = {
			isa = PBXFileSystemSynchronizedBuildFileExceptionSet;
			membershipExceptions = (
				Info.plist,
			);
			target = 12B1D7062F6B13F000CACA04 /* PhotoTransfer-iOS */;
		};
/* End PBXFileSystemSynchronizedBuildFileExceptionSet section */

/* Begin PBXFileSystemSynchronizedRootGroup section */
		12B1D7092F6B13F000CACA04 /* PhotoTransfer-iOS */ = {
			isa = PBXFileSystemSynchronizedRootGroup;
			exceptions = (
				12B1D7322F6B155600CACA04 /* Exceptions for "PhotoTransfer-iOS" folder in "PhotoTransfer-iOS" target */,
			);
			path = "PhotoTransfer-iOS";
			sourceTree = "<group>";
		};
		12B1D7172F6B13F100CACA04 /* PhotoTransfer-iOSTests */ = {
			isa = PBXFileSystemSynchronizedRootGroup;
			path = "PhotoTransfer-iOSTests";
			sourceTree = "<group>";
		};
		12B1D7212F6B13F100CACA04 /* PhotoTransfer-iOSUITests */ = {
			isa = PBXFileSystemSynchronizedRootGroup;
			path = "PhotoTransfer-iOSUITests";
			sourceTree = "<group>";
		};
/* End PBXFileSystemSynchronizedRootGroup section */

/* Begin PBXFrameworksBuildPhase section */
		12B1D7042F6B13F000CACA04 /* Frameworks */ = {
			isa = PBXFrameworksBuildPhase;
			buildActionMask = 2147483647;
			files = (
			);
			runOnlyForDeploymentPostprocessing = 0;
		};
		12B1D7112F6B13F100CACA04 /* Frameworks */ = {
			isa = PBXFrameworksBuildPhase;
			buildActionMask = 2147483647;
			files = (
			);
			runOnlyForDeploymentPostprocessing = 0;
		};
		12B1D71B2F6B13F100CACA04 /* Frameworks */ = {
			isa = PBXFrameworksBuildPhase;
			buildActionMask = 2147483647;
			files = (
			);
			runOnlyForDeploymentPostprocessing = 0;
		};
/* End PBXFrameworksBuildPhase section */

/* Begin PBXGroup section */
		12B1D6FE2F6B13F000CACA04 = {
			isa = PBXGroup;
			children = (
				12B1D73D2F6B236400CACA04 /* TransferConstants.swift */,
				12B1D73E2F6B236400CACA04 /* TransferProtocol.swift */,
				12B1D7092F6B13F000CACA04 /* PhotoTransfer-iOS */,
				12B1D7172F6B13F100CACA04 /* PhotoTransfer-iOSTests */,
				12B1D7212F6B13F100CACA04 /* PhotoTransfer-iOSUITests */,
				12B1D7082F6B13F000CACA04 /* Products */,
			);
			sourceTree = "<group>";
		};
		12B1D7082F6B13F000CACA04 /* Products */ = {
			isa = PBXGroup;
			children = (
				12B1D7072F6B13F000CACA04 /* PhotoTransfer-iOS.app */,
				12B1D7142F6B13F100CACA04 /* PhotoTransfer-iOSTests.xctest */,
				12B1D71E2F6B13F100CACA04 /* PhotoTransfer-iOSUITests.xctest */,
			);
			name = Products;
			sourceTree = "<group>";
		};
/* End PBXGroup section */

/* Begin PBXNativeTarget section */
		12B1D7062F6B13F000CACA04 /* PhotoTransfer-iOS */ = {
			isa = PBXNativeTarget;
			buildConfigurationList = 12B1D7282F6B13F100CACA04 /* Build configuration list for PBXNativeTarget "PhotoTransfer-iOS" */;
			buildPhases = (
				12B1D7032F6B13F000CACA04 /* Sources */,
				12B1D7042F6B13F000CACA04 /* Frameworks */,
				12B1D7052F6B13F000CACA04 /* Resources */,
			);
			buildRules = (
			);
			dependencies = (
			);
			fileSystemSynchronizedGroups = (
				12B1D7092F6B13F000CACA04 /* PhotoTransfer-iOS */,
			);
			name = "PhotoTransfer-iOS";
			packageProductDependencies = (
			);
			productName = "PhotoTransfer-iOS";
			productReference = 12B1D7072F6B13F000CACA04 /* PhotoTransfer-iOS.app */;
			productType = "com.apple.product-type.application";
		};
		12B1D7132F6B13F100CACA04 /* PhotoTransfer-iOSTests */ = {
			isa = PBXNativeTarget;
			buildConfigurationList = 12B1D72B2F6B13F100CACA04 /* Build configuration list for PBXNativeTarget "PhotoTransfer-iOSTests" */;
			buildPhases = (
				12B1D7102F6B13F100CACA04 /* Sources */,
				12B1D7112F6B13F100CACA04 /* Frameworks */,
				12B1D7122F6B13F100CACA04 /* Resources */,
			);
			buildRules = (
			);
			dependencies = (
				12B1D7162F6B13F100CACA04 /* PBXTargetDependency */,
			);
			fileSystemSynchronizedGroups = (
				12B1D7172F6B13F100CACA04 /* PhotoTransfer-iOSTests */,
			);
			name = "PhotoTransfer-iOSTests";
			packageProductDependencies = (
			);
			productName = "PhotoTransfer-iOSTests";
			productReference = 12B1D7142F6B13F100CACA04 /* PhotoTransfer-iOSTests.xctest */;
			productType = "com.apple.product-type.bundle.unit-test";
		};
		12B1D71D2F6B13F100CACA04 /* PhotoTransfer-iOSUITests */ = {
			isa = PBXNativeTarget;
			buildConfigurationList = 12B1D72E2F6B13F100CACA04 /* Build configuration list for PBXNativeTarget "PhotoTransfer-iOSUITests" */;
			buildPhases = (
				12B1D71A2F6B13F100CACA04 /* Sources */,
				12B1D71B2F6B13F100CACA04 /* Frameworks */,
				12B1D71C2F6B13F100CACA04 /* Resources */,
			);
			buildRules = (
			);
			dependencies = (
				12B1D7202F6B13F100CACA04 /* PBXTargetDependency */,
			);
			fileSystemSynchronizedGroups = (
				12B1D7212F6B13F100CACA04 /* PhotoTransfer-iOSUITests */,
			);
			name = "PhotoTransfer-iOSUITests";
			packageProductDependencies = (
			);
			productName = "PhotoTransfer-iOSUITests";
			productReference = 12B1D71E2F6B13F100CACA04 /* PhotoTransfer-iOSUITests.xctest */;
			productType = "com.apple.product-type.bundle.ui-testing";
		};
/* End PBXNativeTarget section */

/* Begin PBXProject section */
		12B1D6FF2F6B13F000CACA04 /* Project object */ = {
			isa = PBXProject;
			attributes = {
				BuildIndependentTargetsInParallel = 1;
				LastSwiftUpdateCheck = 2630;
				LastUpgradeCheck = 2630;
				TargetAttributes = {
					12B1D7062F6B13F000CACA04 = {
						CreatedOnToolsVersion = 26.3;
					};
					12B1D7132F6B13F100CACA04 = {
						CreatedOnToolsVersion = 26.3;
						TestTargetID = 12B1D7062F6B13F000CACA04;
					};
					12B1D71D2F6B13F100CACA04 = {
						CreatedOnToolsVersion = 26.3;
						TestTargetID = 12B1D7062F6B13F000CACA04;
					};
				};
			};
			buildConfigurationList = 12B1D7022F6B13F000CACA04 /* Build configuration list for PBXProject "PhotoTransfer-iOS" */;
			developmentRegion = en;
			hasScannedForEncodings = 0;
			knownRegions = (
				en,
				Base,
			);
			mainGroup = 12B1D6FE2F6B13F000CACA04;
			minimizedProjectReferenceProxies = 1;
			preferredProjectObjectVersion = 77;
			productRefGroup = 12B1D7082F6B13F000CACA04 /* Products */;
			projectDirPath = "";
			projectRoot = "";
			targets = (
				12B1D7062F6B13F000CACA04 /* PhotoTransfer-iOS */,
				12B1D7132F6B13F100CACA04 /* PhotoTransfer-iOSTests */,
				12B1D71D2F6B13F100CACA04 /* PhotoTransfer-iOSUITests */,
			);
		};
/* End PBXProject section */

/* Begin PBXResourcesBuildPhase section */
		12B1D7052F6B13F000CACA04 /* Resources */ = {
			isa = PBXResourcesBuildPhase;
			buildActionMask = 2147483647;
			files = (
			);
			runOnlyForDeploymentPostprocessing = 0;
		};
		12B1D7122F6B13F100CACA04 /* Resources */ = {
			isa = PBXResourcesBuildPhase;
			buildActionMask = 2147483647;
			files = (
			);
			runOnlyForDeploymentPostprocessing = 0;
		};
		12B1D71C2F6B13F100CACA04 /* Resources */ = {
			isa = PBXResourcesBuildPhase;
			buildActionMask = 2147483647;
			files = (
			);
			runOnlyForDeploymentPostprocessing = 0;
		};
/* End PBXResourcesBuildPhase section */

/* Begin PBXSourcesBuildPhase section */
		12B1D7032F6B13F000CACA04 /* Sources */ = {
			isa = PBXSourcesBuildPhase;
			buildActionMask = 2147483647;
			files = (
				12B1D73F2F6B236400CACA04 /* TransferConstants.swift in Sources */,
				12B1D7402F6B236400CACA04 /* TransferProtocol.swift in Sources */,
			);
			runOnlyForDeploymentPostprocessing = 0;
		};
		12B1D7102F6B13F100CACA04 /* Sources */ = {
			isa = PBXSourcesBuildPhase;
			buildActionMask = 2147483647;
			files = (
			);
			runOnlyForDeploymentPostprocessing = 0;
		};
		12B1D71A2F6B13F100CACA04 /* Sources */ = {
			isa = PBXSourcesBuildPhase;
			buildActionMask = 2147483647;
			files = (
			);
			runOnlyForDeploymentPostprocessing = 0;
		};
/* End PBXSourcesBuildPhase section */

/* Begin PBXTargetDependency section */
		12B1D7162F6B13F100CACA04 /* PBXTargetDependency */ = {
			isa = PBXTargetDependency;
			target = 12B1D7062F6B13F000CACA04 /* PhotoTransfer-iOS */;
			targetProxy = 12B1D7152F6B13F100CACA04 /* PBXContainerItemProxy */;
		};
		12B1D7202F6B13F100CACA04 /* PBXTargetDependency */ = {
			isa = PBXTargetDependency;
			target = 12B1D7062F6B13F000CACA04 /* PhotoTransfer-iOS */;
			targetProxy = 12B1D71F2F6B13F100CACA04 /* PBXContainerItemProxy */;
		};
/* End PBXTargetDependency section */

/* Begin XCBuildConfiguration section */
		12B1D7262F6B13F100CACA04 /* Debug */ = {
			isa = XCBuildConfiguration;
			buildSettings = {
				ALWAYS_SEARCH_USER_PATHS = NO;
				ASSETCATALOG_COMPILER_GENERATE_SWIFT_ASSET_SYMBOL_EXTENSIONS = YES;
				CLANG_ANALYZER_NONNULL = YES;
				CLANG_ANALYZER_NUMBER_OBJECT_CONVERSION = YES_AGGRESSIVE;
				CLANG_CXX_LANGUAGE_STANDARD = "gnu++20";
				CLANG_ENABLE_MODULES = YES;
				CLANG_ENABLE_OBJC_ARC = YES;
				CLANG_ENABLE_OBJC_WEAK = YES;
				CLANG_WARN_BLOCK_CAPTURE_AUTORELEASING = YES;
				CLANG_WARN_BOOL_CONVERSION = YES;
				CLANG_WARN_COMMA = YES;
				CLANG_WARN_CONSTANT_CONVERSION = YES;
				CLANG_WARN_DEPRECATED_OBJC_IMPLEMENTATIONS = YES;
				CLANG_WARN_DIRECT_OBJC_ISA_USAGE = YES_ERROR;
				CLANG_WARN_DOCUMENTATION_COMMENTS = YES;
				CLANG_WARN_EMPTY_BODY = YES;
				CLANG_WARN_ENUM_CONVERSION = YES;
				CLANG_WARN_INFINITE_RECURSION = YES;
				CLANG_WARN_INT_CONVERSION = YES;
				CLANG_WARN_NON_LITERAL_NULL_CONVERSION = YES;
				CLANG_WARN_OBJC_IMPLICIT_RETAIN_SELF = YES;
				CLANG_WARN_OBJC_LITERAL_CONVERSION = YES;
				CLANG_WARN_OBJC_ROOT_CLASS = YES_ERROR;
				CLANG_WARN_QUOTED_INCLUDE_IN_FRAMEWORK_HEADER = YES;
				CLANG_WARN_RANGE_LOOP_ANALYSIS = YES;
				CLANG_WARN_STRICT_PROTOTYPES = YES;
				CLANG_WARN_SUSPICIOUS_MOVE = YES;
				CLANG_WARN_UNGUARDED_AVAILABILITY = YES_AGGRESSIVE;
				CLANG_WARN_UNREACHABLE_CODE = YES;
				CLANG_WARN__DUPLICATE_METHOD_MATCH = YES;
				COPY_PHASE_STRIP = NO;
				DEBUG_INFORMATION_FORMAT = dwarf;
				DEVELOPMENT_TEAM = R6MVZC3P3D;
				ENABLE_STRICT_OBJC_MSGSEND = YES;
				ENABLE_TESTABILITY = YES;
				ENABLE_USER_SCRIPT_SANDBOXING = YES;
				GCC_C_LANGUAGE_STANDARD = gnu17;
				GCC_DYNAMIC_NO_PIC = NO;
				GCC_NO_COMMON_BLOCKS = YES;
				GCC_OPTIMIZATION_LEVEL = 0;
				GCC_PREPROCESSOR_DEFINITIONS = (
					"DEBUG=1",
					"$(inherited)",
				);
				GCC_WARN_64_TO_32_BIT_CONVERSION = YES;
				GCC_WARN_ABOUT_RETURN_TYPE = YES_ERROR;
				GCC_WARN_UNDECLARED_SELECTOR = YES;
				GCC_WARN_UNINITIALIZED_AUTOS = YES_AGGRESSIVE;
				GCC_WARN_UNUSED_FUNCTION = YES;
				GCC_WARN_UNUSED_VARIABLE = YES;
				IPHONEOS_DEPLOYMENT_TARGET = 26.2;
				LOCALIZATION_PREFERS_STRING_CATALOGS = YES;
				MTL_ENABLE_DEBUG_INFO = INCLUDE_SOURCE;
				MTL_FAST_MATH = YES;
				ONLY_ACTIVE_ARCH = YES;
				SDKROOT = iphoneos;
				SWIFT_ACTIVE_COMPILATION_CONDITIONS = "DEBUG $(inherited)";
				SWIFT_OPTIMIZATION_LEVEL = "-Onone";
			};
			name = Debug;
		};
		12B1D7272F6B13F100CACA04 /* Release */ = {
			isa = XCBuildConfiguration;
			buildSettings = {
				ALWAYS_SEARCH_USER_PATHS = NO;
				ASSETCATALOG_COMPILER_GENERATE_SWIFT_ASSET_SYMBOL_EXTENSIONS = YES;
				CLANG_ANALYZER_NONNULL = YES;
				CLANG_ANALYZER_NUMBER_OBJECT_CONVERSION = YES_AGGRESSIVE;
				CLANG_CXX_LANGUAGE_STANDARD = "gnu++20";
				CLANG_ENABLE_MODULES = YES;
				CLANG_ENABLE_OBJC_ARC = YES;
				CLANG_ENABLE_OBJC_WEAK = YES;
				CLANG_WARN_BLOCK_CAPTURE_AUTORELEASING = YES;
				CLANG_WARN_BOOL_CONVERSION = YES;
				CLANG_WARN_COMMA = YES;
				CLANG_WARN_CONSTANT_CONVERSION = YES;
				CLANG_WARN_DEPRECATED_OBJC_IMPLEMENTATIONS = YES;
				CLANG_WARN_DIRECT_OBJC_ISA_USAGE = YES_ERROR;
				CLANG_WARN_DOCUMENTATION_COMMENTS = YES;
				CLANG_WARN_EMPTY_BODY = YES;
				CLANG_WARN_ENUM_CONVERSION = YES;
				CLANG_WARN_INFINITE_RECURSION = YES;
				CLANG_WARN_INT_CONVERSION = YES;
				CLANG_WARN_NON_LITERAL_NULL_CONVERSION = YES;
				CLANG_WARN_OBJC_IMPLICIT_RETAIN_SELF = YES;
				CLANG_WARN_OBJC_LITERAL_CONVERSION = YES;
				CLANG_WARN_OBJC_ROOT_CLASS = YES_ERROR;
				CLANG_WARN_QUOTED_INCLUDE_IN_FRAMEWORK_HEADER = YES;
				CLANG_WARN_RANGE_LOOP_ANALYSIS = YES;
				CLANG_WARN_STRICT_PROTOTYPES = YES;
				CLANG_WARN_SUSPICIOUS_MOVE = YES;
				CLANG_WARN_UNGUARDED_AVAILABILITY = YES_AGGRESSIVE;
				CLANG_WARN_UNREACHABLE_CODE = YES;
				CLANG_WARN__DUPLICATE_METHOD_MATCH = YES;
				COPY_PHASE_STRIP = NO;
				DEBUG_INFORMATION_FORMAT = "dwarf-with-dsym";
				DEVELOPMENT_TEAM = R6MVZC3P3D;
				ENABLE_NS_ASSERTIONS = NO;
				ENABLE_STRICT_OBJC_MSGSEND = YES;
				ENABLE_USER_SCRIPT_SANDBOXING = YES;
				GCC_C_LANGUAGE_STANDARD = gnu17;
				GCC_NO_COMMON_BLOCKS = YES;
				GCC_WARN_64_TO_32_BIT_CONVERSION = YES;
				GCC_WARN_ABOUT_RETURN_TYPE = YES_ERROR;
				GCC_WARN_UNDECLARED_SELECTOR = YES;
				GCC_WARN_UNINITIALIZED_AUTOS = YES_AGGRESSIVE;
				GCC_WARN_UNUSED_FUNCTION = YES;
				GCC_WARN_UNUSED_VARIABLE = YES;
				IPHONEOS_DEPLOYMENT_TARGET = 26.2;
				LOCALIZATION_PREFERS_STRING_CATALOGS = YES;
				MTL_ENABLE_DEBUG_INFO = NO;
				MTL_FAST_MATH = YES;
				SDKROOT = iphoneos;
				SWIFT_COMPILATION_MODE = wholemodule;
				VALIDATE_PRODUCT = YES;
			};
			name = Release;
		};
		12B1D7292F6B13F100CACA04 /* Debug */ = {
			isa = XCBuildConfiguration;
			buildSettings = {
				ASSETCATALOG_COMPILER_APPICON_NAME = AppIcon;
				ASSETCATALOG_COMPILER_GLOBAL_ACCENT_COLOR_NAME = AccentColor;
				CODE_SIGN_STYLE = Automatic;
				CURRENT_PROJECT_VERSION = 1;
				DEVELOPMENT_TEAM = R6MVZC3P3D;
				ENABLE_PREVIEWS = YES;
				GENERATE_INFOPLIST_FILE = YES;
				INFOPLIST_FILE = "PhotoTransfer-iOS/Info.plist";
				INFOPLIST_KEY_LSApplicationCategoryType = "";
				INFOPLIST_KEY_NSPhotoLibraryUsageDescription = "Used to transfer photos to Mac";
				INFOPLIST_KEY_UIApplicationSceneManifest_Generation = YES;
				INFOPLIST_KEY_UIApplicationSupportsIndirectInputEvents = YES;
				INFOPLIST_KEY_UILaunchScreen_Generation = YES;
				INFOPLIST_KEY_UISupportedInterfaceOrientations_iPad = "UIInterfaceOrientationPortrait UIInterfaceOrientationPortraitUpsideDown UIInterfaceOrientationLandscapeLeft UIInterfaceOrientationLandscapeRight";
				INFOPLIST_KEY_UISupportedInterfaceOrientations_iPhone = "UIInterfaceOrientationPortrait UIInterfaceOrientationLandscapeLeft UIInterfaceOrientationLandscapeRight";
				LD_RUNPATH_SEARCH_PATHS = (
					"$(inherited)",
					"@executable_path/Frameworks",
				);
				MARKETING_VERSION = 1.0;
				PRODUCT_BUNDLE_IDENTIFIER = "Yuzuru.PhotoTransfer-iOS";
				PRODUCT_NAME = "$(TARGET_NAME)";
				STRING_CATALOG_GENERATE_SYMBOLS = YES;
				SWIFT_APPROACHABLE_CONCURRENCY = YES;
				SWIFT_DEFAULT_ACTOR_ISOLATION = MainActor;
				SWIFT_EMIT_LOC_STRINGS = YES;
				SWIFT_UPCOMING_FEATURE_MEMBER_IMPORT_VISIBILITY = YES;
				SWIFT_VERSION = 5.0;
				TARGETED_DEVICE_FAMILY = "1,2";
			};
			name = Debug;
		};
		12B1D72A2F6B13F100CACA04 /* Release */ = {
			isa = XCBuildConfiguration;
			buildSettings = {
				ASSETCATALOG_COMPILER_APPICON_NAME = AppIcon;
				ASSETCATALOG_COMPILER_GLOBAL_ACCENT_COLOR_NAME = AccentColor;
				CODE_SIGN_STYLE = Automatic;
				CURRENT_PROJECT_VERSION = 1;
				DEVELOPMENT_TEAM = R6MVZC3P3D;
				ENABLE_PREVIEWS = YES;
				GENERATE_INFOPLIST_FILE = YES;
				INFOPLIST_FILE = "PhotoTransfer-iOS/Info.plist";
				INFOPLIST_KEY_LSApplicationCategoryType = "";
				INFOPLIST_KEY_NSPhotoLibraryUsageDescription = "Used to transfer photos to Mac";
				INFOPLIST_KEY_UIApplicationSceneManifest_Generation = YES;
				INFOPLIST_KEY_UIApplicationSupportsIndirectInputEvents = YES;
				INFOPLIST_KEY_UILaunchScreen_Generation = YES;
				INFOPLIST_KEY_UISupportedInterfaceOrientations_iPad = "UIInterfaceOrientationPortrait UIInterfaceOrientationPortraitUpsideDown UIInterfaceOrientationLandscapeLeft UIInterfaceOrientationLandscapeRight";
				INFOPLIST_KEY_UISupportedInterfaceOrientations_iPhone = "UIInterfaceOrientationPortrait UIInterfaceOrientationLandscapeLeft UIInterfaceOrientationLandscapeRight";
				LD_RUNPATH_SEARCH_PATHS = (
					"$(inherited)",
					"@executable_path/Frameworks",
				);
				MARKETING_VERSION = 1.0;
				PRODUCT_BUNDLE_IDENTIFIER = "Yuzuru.PhotoTransfer-iOS";
				PRODUCT_NAME = "$(TARGET_NAME)";
				STRING_CATALOG_GENERATE_SYMBOLS = YES;
				SWIFT_APPROACHABLE_CONCURRENCY = YES;
				SWIFT_DEFAULT_ACTOR_ISOLATION = MainActor;
				SWIFT_EMIT_LOC_STRINGS = YES;
				SWIFT_UPCOMING_FEATURE_MEMBER_IMPORT_VISIBILITY = YES;
				SWIFT_VERSION = 5.0;
				TARGETED_DEVICE_FAMILY = "1,2";
			};
			name = Release;
		};
		12B1D72C2F6B13F100CACA04 /* Debug */ = {
			isa = XCBuildConfiguration;
			buildSettings = {
				BUNDLE_LOADER = "$(TEST_HOST)";
				CODE_SIGN_STYLE = Automatic;
				CURRENT_PROJECT_VERSION = 1;
				DEVELOPMENT_TEAM = R6MVZC3P3D;
				GENERATE_INFOPLIST_FILE = YES;
				IPHONEOS_DEPLOYMENT_TARGET = 26.2;
				MARKETING_VERSION = 1.0;
				PRODUCT_BUNDLE_IDENTIFIER = "Yuzuru.PhotoTransfer-iOSTests";
				PRODUCT_NAME = "$(TARGET_NAME)";
				STRING_CATALOG_GENERATE_SYMBOLS = NO;
				SWIFT_APPROACHABLE_CONCURRENCY = YES;
				SWIFT_EMIT_LOC_STRINGS = NO;
				SWIFT_UPCOMING_FEATURE_MEMBER_IMPORT_VISIBILITY = YES;
				SWIFT_VERSION = 5.0;
				TARGETED_DEVICE_FAMILY = "1,2";
				TEST_HOST = "$(BUILT_PRODUCTS_DIR)/PhotoTransfer-iOS.app/$(BUNDLE_EXECUTABLE_FOLDER_PATH)/PhotoTransfer-iOS";
			};
			name = Debug;
		};
		12B1D72D2F6B13F100CACA04 /* Release */ = {
			isa = XCBuildConfiguration;
			buildSettings = {
				BUNDLE_LOADER = "$(TEST_HOST)";
				CODE_SIGN_STYLE = Automatic;
				CURRENT_PROJECT_VERSION = 1;
				DEVELOPMENT_TEAM = R6MVZC3P3D;
				GENERATE_INFOPLIST_FILE = YES;
				IPHONEOS_DEPLOYMENT_TARGET = 26.2;
				MARKETING_VERSION = 1.0;
				PRODUCT_BUNDLE_IDENTIFIER = "Yuzuru.PhotoTransfer-iOSTests";
				PRODUCT_NAME = "$(TARGET_NAME)";
				STRING_CATALOG_GENERATE_SYMBOLS = NO;
				SWIFT_APPROACHABLE_CONCURRENCY = YES;
				SWIFT_EMIT_LOC_STRINGS = NO;
				SWIFT_UPCOMING_FEATURE_MEMBER_IMPORT_VISIBILITY = YES;
				SWIFT_VERSION = 5.0;
				TARGETED_DEVICE_FAMILY = "1,2";
				TEST_HOST = "$(BUILT_PRODUCTS_DIR)/PhotoTransfer-iOS.app/$(BUNDLE_EXECUTABLE_FOLDER_PATH)/PhotoTransfer-iOS";
			};
			name = Release;
		};
		12B1D72F2F6B13F100CACA04 /* Debug */ = {
			isa = XCBuildConfiguration;
			buildSettings = {
				CODE_SIGN_STYLE = Automatic;
				CURRENT_PROJECT_VERSION = 1;
				DEVELOPMENT_TEAM = R6MVZC3P3D;
				GENERATE_INFOPLIST_FILE = YES;
				MARKETING_VERSION = 1.0;
				PRODUCT_BUNDLE_IDENTIFIER = "Yuzuru.PhotoTransfer-iOSUITests";
				PRODUCT_NAME = "$(TARGET_NAME)";
				STRING_CATALOG_GENERATE_SYMBOLS = NO;
				SWIFT_APPROACHABLE_CONCURRENCY = YES;
				SWIFT_EMIT_LOC_STRINGS = NO;
				SWIFT_UPCOMING_FEATURE_MEMBER_IMPORT_VISIBILITY = YES;
				SWIFT_VERSION = 5.0;
				TARGETED_DEVICE_FAMILY = "1,2";
				TEST_TARGET_NAME = "PhotoTransfer-iOS";
			};
			name = Debug;
		};
		12B1D7302F6B13F100CACA04 /* Release */ = {
			isa = XCBuildConfiguration;
			buildSettings = {
				CODE_SIGN_STYLE = Automatic;
				CURRENT_PROJECT_VERSION = 1;
				DEVELOPMENT_TEAM = R6MVZC3P3D;
				GENERATE_INFOPLIST_FILE = YES;
				MARKETING_VERSION = 1.0;
				PRODUCT_BUNDLE_IDENTIFIER = "Yuzuru.PhotoTransfer-iOSUITests";
				PRODUCT_NAME = "$(TARGET_NAME)";
				STRING_CATALOG_GENERATE_SYMBOLS = NO;
				SWIFT_APPROACHABLE_CONCURRENCY = YES;
				SWIFT_EMIT_LOC_STRINGS = NO;
				SWIFT_UPCOMING_FEATURE_MEMBER_IMPORT_VISIBILITY = YES;
				SWIFT_VERSION = 5.0;
				TARGETED_DEVICE_FAMILY = "1,2";
				TEST_TARGET_NAME = "PhotoTransfer-iOS";
			};
			name = Release;
		};
/* End XCBuildConfiguration section */

/* Begin XCConfigurationList section */
		12B1D7022F6B13F000CACA04 /* Build configuration list for PBXProject "PhotoTransfer-iOS" */ = {
			isa = XCConfigurationList;
			buildConfigurations = (
				12B1D7262F6B13F100CACA04 /* Debug */,
				12B1D7272F6B13F100CACA04 /* Release */,
			);
			defaultConfigurationIsVisible = 0;
			defaultConfigurationName = Release;
		};
		12B1D7282F6B13F100CACA04 /* Build configuration list for PBXNativeTarget "PhotoTransfer-iOS" */ = {
			isa = XCConfigurationList;
			buildConfigurations = (
				12B1D7292F6B13F100CACA04 /* Debug */,
				12B1D72A2F6B13F100CACA04 /* Release */,
			);
			defaultConfigurationIsVisible = 0;
			defaultConfigurationName = Release;
		};
		12B1D72B2F6B13F100CACA04 /* Build configuration list for PBXNativeTarget "PhotoTransfer-iOSTests" */ = {
			isa = XCConfigurationList;
			buildConfigurations = (
				12B1D72C2F6B13F100CACA04 /* Debug */,
				12B1D72D2F6B13F100CACA04 /* Release */,
			);
			defaultConfigurationIsVisible = 0;
			defaultConfigurationName = Release;
		};
		12B1D72E2F6B13F100CACA04 /* Build configuration list for PBXNativeTarget "PhotoTransfer-iOSUITests" */ = {
			isa = XCConfigurationList;
			buildConfigurations = (
				12B1D72F2F6B13F100CACA04 /* Debug */,
				12B1D7302F6B13F100CACA04 /* Release */,
			);
			defaultConfigurationIsVisible = 0;
			defaultConfigurationName = Release;
		};
/* End XCConfigurationList section */
	};
	rootObject = 12B1D6FF2F6B13F000CACA04 /* Project object */;
}
